
Microsoft Visual Studio Solution File, Format Version 12.00
# Visual Studio Version 17
VisualStudioVersion = 17.5.33502.453
MinimumVisualStudioVersion = 10.0.40219.1
Project("{9A19103F-16F7-4668-BE54-9A1E7A4F7556}") = "AuS_QuadTree", "AuS_QuadTree\AuS_QuadTree.csproj", "{99145A04-9CC9-4D7C-81B8-42A371796081}"
EndProject
Project("{FAE04EC0-301F-11D3-BF4B-00C04F79EFBC}") = "AuS_QuadTreeTests2", "AuS_QuadTreeTests2\AuS_QuadTreeTests2.csproj", "{D895F360-599C-4A19-AD35-32B454ACBCDA}"
EndProject
Global
	GlobalSection(SolutionConfigurationPlatforms) = preSolution
		Debug|Any CPU = Debug|Any CPU
		Release|Any CPU = Release|Any CPU
	EndGlobalSection
	GlobalSection(ProjectConfigurationPlatforms) = postSolution
		{99145A04-9CC9-4D7C-81B8-42A371796081}.Debug|Any CPU.ActiveCfg = Debug|Any CPU
		{99145A04-9CC9-4D7C-81B8-42A371796081}.Debug|Any CPU.Build.0 = Debug|Any CPU
		{99145A04-9CC9-4D7C-81B8-42A371796081}.Release|Any CPU.ActiveCfg = Release|Any CPU
		{99145A04-9CC9-4D7C-81B8-42A371796081}.Release|Any CPU.Build.0 = Release|Any CPU
		{D895F360-599C-4A19-AD35-32B454ACBCDA}.Debug|Any CPU.ActiveCfg = Debug|Any CPU
		{D895F360-599C-4A19-AD35-32B454ACBCDA}.Debug|Any CPU.Build.0 = Debug|Any CPU
		{D895F360-599C-4A19-AD35-32B454ACBCDA}.Release|Any CPU.ActiveCfg = Release|Any CPU
		{D895F360-599C-4A19-AD35-32B454ACBCDA}.Release|Any CPU.Build.0 = Release|Any CPU
	EndGlobalSection
	GlobalSection(SolutionProperties) = preSolution
		HideSolutionNode = FALSE
	EndGlobalSection
	GlobalSection(ExtensibilityGlobals) = postSolution
		SolutionGuid = {039190FE-2682-4551-AE09-5E2D1AB96496}
	EndGlobalSection
EndGlobal
